
Microsoft Visual Studio Solution File, Format Version 12.00
# Visual Studio Version 17
VisualStudioVersion = 17.1.32319.34
MinimumVisualStudioVersion = 10.0.40219.1
Project("{FAE04EC0-301F-11D3-BF4B-00C04F79EFBC}") = "TodoApi", "TodoApi\TodoApi.csproj", "{8219D42E-6A6F-491A-8CE1-08DC930F4552}"
EndProject
Global
	GlobalSection(SolutionConfigurationPlatforms) = preSolution
		Debug|Any CPU = Debug|Any CPU
		Release|Any CPU = Release|Any CPU
	EndGlobalSection
	GlobalSection(ProjectConfigurationPlatforms) = postSolution
		{8219D42E-6A6F-491A-8CE1-08DC930F4552}.Debug|Any CPU.ActiveCfg = Debug|Any CPU
		{8219D42E-6A6F-491A-8CE1-08DC930F4552}.Debug|Any CPU.Build.0 = Debug|Any CPU
		{8219D42E-6A6F-491A-8CE1-08DC930F4552}.Release|Any CPU.ActiveCfg = Release|Any CPU
		{8219D42E-6A6F-491A-8CE1-08DC930F4552}.Release|Any CPU.Build.0 = Release|Any CPU
	EndGlobalSection
	GlobalSection(SolutionProperties) = preSolution
		HideSolutionNode = FALSE
	EndGlobalSection
	GlobalSection(ExtensibilityGlobals) = postSolution
		SolutionGuid = {90637DE0-7357-4F9D-A385-F47FA402E260}
	EndGlobalSection
EndGlobal
