
Microsoft Visual Studio Solution File, Format Version 12.00
# Visual Studio Version 17
VisualStudioVersion = 17.2.32602.215
MinimumVisualStudioVersion = 10.0.40219.1
Project("{FAE04EC0-301F-11D3-BF4B-00C04F79EFBC}") = "CachingMemory", "CachingMemory\CachingMemory.csproj", "{74C8C293-784C-4F60-8D4F-B55A3FCFCEA1}"
EndProject
Global
	GlobalSection(SolutionConfigurationPlatforms) = preSolution
		Debug|Any CPU = Debug|Any CPU
		Release|Any CPU = Release|Any CPU
	EndGlobalSection
	GlobalSection(ProjectConfigurationPlatforms) = postSolution
		{74C8C293-784C-4F60-8D4F-B55A3FCFCEA1}.Debug|Any CPU.ActiveCfg = Debug|Any CPU
		{74C8C293-784C-4F60-8D4F-B55A3FCFCEA1}.Debug|Any CPU.Build.0 = Debug|Any CPU
		{74C8C293-784C-4F60-8D4F-B55A3FCFCEA1}.Release|Any CPU.ActiveCfg = Release|Any CPU
		{74C8C293-784C-4F60-8D4F-B55A3FCFCEA1}.Release|Any CPU.Build.0 = Release|Any CPU
	EndGlobalSection
	GlobalSection(SolutionProperties) = preSolution
		HideSolutionNode = FALSE
	EndGlobalSection
	GlobalSection(ExtensibilityGlobals) = postSolution
		SolutionGuid = {68442A21-2D7F-44F7-B9D5-63B301617FE2}
	EndGlobalSection
EndGlobal
