
Microsoft Visual Studio Solution File, Format Version 12.00
# Visual Studio Version 17
VisualStudioVersion = 17.2.32602.215
MinimumVisualStudioVersion = 10.0.40219.1
Project("{FAE04EC0-301F-11D3-BF4B-00C04F79EFBC}") = "GrpcGreeter", "GrpcGreeter\GrpcGreeter.csproj", "{C9180B21-A9A0-461A-9D9B-BE512741DA01}"
EndProject
Global
	GlobalSection(SolutionConfigurationPlatforms) = preSolution
		Debug|Any CPU = Debug|Any CPU
		Release|Any CPU = Release|Any CPU
	EndGlobalSection
	GlobalSection(ProjectConfigurationPlatforms) = postSolution
		{C9180B21-A9A0-461A-9D9B-BE512741DA01}.Debug|Any CPU.ActiveCfg = Debug|Any CPU
		{C9180B21-A9A0-461A-9D9B-BE512741DA01}.Debug|Any CPU.Build.0 = Debug|Any CPU
		{C9180B21-A9A0-461A-9D9B-BE512741DA01}.Release|Any CPU.ActiveCfg = Release|Any CPU
		{C9180B21-A9A0-461A-9D9B-BE512741DA01}.Release|Any CPU.Build.0 = Release|Any CPU
	EndGlobalSection
	GlobalSection(SolutionProperties) = preSolution
		HideSolutionNode = FALSE
	EndGlobalSection
	GlobalSection(ExtensibilityGlobals) = postSolution
		SolutionGuid = {E7D1EFB4-776D-4BDE-A473-92D4CA668086}
	EndGlobalSection
EndGlobal
