
Microsoft Visual Studio Solution File, Format Version 12.00
# Visual Studio Version 17
VisualStudioVersion = 17.2.32630.192
MinimumVisualStudioVersion = 10.0.40219.1
Project("{8BC9CEB8-8B4A-11D0-8D11-00A0C91BC942}") = "threaded-server", "threaded-server\threaded-server.vcxproj", "{94F5CED6-3730-4CA8-B4A1-BCD8BC803BAB}"
EndProject
Global
	GlobalSection(SolutionConfigurationPlatforms) = preSolution
		Debug|x64 = Debug|x64
		Debug|x86 = Debug|x86
		Release|x64 = Release|x64
		Release|x86 = Release|x86
	EndGlobalSection
	GlobalSection(ProjectConfigurationPlatforms) = postSolution
		{94F5CED6-3730-4CA8-B4A1-BCD8BC803BAB}.Debug|x64.ActiveCfg = Debug|x64
		{94F5CED6-3730-4CA8-B4A1-BCD8BC803BAB}.Debug|x64.Build.0 = Debug|x64
		{94F5CED6-3730-4CA8-B4A1-BCD8BC803BAB}.Debug|x86.ActiveCfg = Debug|Win32
		{94F5CED6-3730-4CA8-B4A1-BCD8BC803BAB}.Debug|x86.Build.0 = Debug|Win32
		{94F5CED6-3730-4CA8-B4A1-BCD8BC803BAB}.Release|x64.ActiveCfg = Release|x64
		{94F5CED6-3730-4CA8-B4A1-BCD8BC803BAB}.Release|x64.Build.0 = Release|x64
		{94F5CED6-3730-4CA8-B4A1-BCD8BC803BAB}.Release|x86.ActiveCfg = Release|Win32
		{94F5CED6-3730-4CA8-B4A1-BCD8BC803BAB}.Release|x86.Build.0 = Release|Win32
	EndGlobalSection
	GlobalSection(SolutionProperties) = preSolution
		HideSolutionNode = FALSE
	EndGlobalSection
	GlobalSection(ExtensibilityGlobals) = postSolution
		SolutionGuid = {273910C6-4F4D-49AA-ACDC-463D8C8A04F7}
	EndGlobalSection
EndGlobal
