
Microsoft Visual Studio Solution File, Format Version 12.00
# Visual Studio Version 17
VisualStudioVersion = 17.2.32602.215
MinimumVisualStudioVersion = 10.0.40219.1
Project("{FAE04EC0-301F-11D3-BF4B-00C04F79EFBC}") = "GrpcGreeterClient", "GrpcGreeterClient\GrpcGreeterClient.csproj", "{94C016AD-BD1F-4D33-B5A2-5F54E0EFE53D}"
EndProject
Global
	GlobalSection(SolutionConfigurationPlatforms) = preSolution
		Debug|Any CPU = Debug|Any CPU
		Release|Any CPU = Release|Any CPU
	EndGlobalSection
	GlobalSection(ProjectConfigurationPlatforms) = postSolution
		{94C016AD-BD1F-4D33-B5A2-5F54E0EFE53D}.Debug|Any CPU.ActiveCfg = Debug|Any CPU
		{94C016AD-BD1F-4D33-B5A2-5F54E0EFE53D}.Debug|Any CPU.Build.0 = Debug|Any CPU
		{94C016AD-BD1F-4D33-B5A2-5F54E0EFE53D}.Release|Any CPU.ActiveCfg = Release|Any CPU
		{94C016AD-BD1F-4D33-B5A2-5F54E0EFE53D}.Release|Any CPU.Build.0 = Release|Any CPU
	EndGlobalSection
	GlobalSection(SolutionProperties) = preSolution
		HideSolutionNode = FALSE
	EndGlobalSection
	GlobalSection(ExtensibilityGlobals) = postSolution
		SolutionGuid = {F459E85A-8E18-40A5-B6DA-C195D526C401}
	EndGlobalSection
EndGlobal
